
Microsoft Visual Studio Solution File, Format Version 12.00
# Visual Studio Version 17
Project("{8BC9CEB8-8B4A-11D0-8D11-00A0C91BC942}") = "microwave", "microwave.vcxproj", "{F21BE648-5E86-9ABF-A7C4-4B65136E7814}"
EndProject
Global
	GlobalSection(SolutionConfigurationPlatforms) = preSolution
		Debug|Win32 = Debug|Win32
		Release|Win32 = Release|Win32
	EndGlobalSection
	GlobalSection(ProjectConfigurationPlatforms) = postSolution
		{F21BE648-5E86-9ABF-A7C4-4B65136E7814}.Debug|Win32.ActiveCfg = Debug|Win32
		{F21BE648-5E86-9ABF-A7C4-4B65136E7814}.Debug|Win32.Build.0 = Debug|Win32
		{F21BE648-5E86-9ABF-A7C4-4B65136E7814}.Release|Win32.ActiveCfg = Release|Win32
		{F21BE648-5E86-9ABF-A7C4-4B65136E7814}.Release|Win32.Build.0 = Release|Win32
	EndGlobalSection
	GlobalSection(SolutionProperties) = preSolution
		HideSolutionNode = FALSE
	EndGlobalSection
EndGlobal
