<?xml version="1.0" encoding="utf-8"?>
<Project ToolsVersion="4.0" xmlns="http://schemas.microsoft.com/developer/msbuild/2003">
  <ItemGroup>
    <Filter Include="Audio">
      <UniqueIdentifier>{9718D90C-032D-01BE-CCAE-A41D3882FDEE}</UniqueIdentifier>
    </Filter>
    <Filter Include="Data">
      <UniqueIdentifier>{3F05847C-2B3C-850D-D428-6B10C03E010F}</UniqueIdentifier>
    </Filter>
    <Filter Include="Data\Database">
      <UniqueIdentifier>{03C74269-6F87-BE9F-38C2-071DA441037C}</UniqueIdentifier>
    </Filter>
    <Filter Include="Data\Internal">
      <UniqueIdentifier>{4B6292EF-B722-0E26-805D-57A3ECDC5202}</UniqueIdentifier>
    </Filter>
    <Filter Include="Data\Library">
      <UniqueIdentifier>{432DD40F-2F90-63B4-D815-9C6AC4572F37}</UniqueIdentifier>
    </Filter>
    <Filter Include="Graphics">
      <UniqueIdentifier>{1653CE33-0220-293F-2B39-17E717655ECD}</UniqueIdentifier>
    </Filter>
    <Filter Include="Graphics\Internal">
      <UniqueIdentifier>{0232A30C-6E48-A1A2-B7BF-2CC42315722A}</UniqueIdentifier>
    </Filter>
    <Filter Include="Graphics\detail">
      <UniqueIdentifier>{183655D8-84C1-C29C-8DD2-4591F9DC1E9D}</UniqueIdentifier>
    </Filter>
    <Filter Include="IO">
      <UniqueIdentifier>{FD735900-E9FF-870B-52AE-880B3E59880B}</UniqueIdentifier>
    </Filter>
    <Filter Include="Math">
      <UniqueIdentifier>{AFF4887C-9B2B-8A0D-4418-7010302E060F}</UniqueIdentifier>
    </Filter>
    <Filter Include="Math\detail">
      <UniqueIdentifier>{91F10866-FDA6-815B-869B-7B32F24F785F}</UniqueIdentifier>
    </Filter>
    <Filter Include="Scene">
      <UniqueIdentifier>{B3F7140E-1F0C-3DBF-E88D-E01E546139F0}</UniqueIdentifier>
    </Filter>
    <Filter Include="Scene\Components">
      <UniqueIdentifier>{E8C60300-D4BF-2252-FDF1-07D7E949025E}</UniqueIdentifier>
    </Filter>
    <Filter Include="Scene\Internal">
      <UniqueIdentifier>{3F571D15-2B25-111B-14B9-81410026ED7F}</UniqueIdentifier>
    </Filter>
    <Filter Include="System">
      <UniqueIdentifier>{6AD049D2-5672-74A8-3F2D-88FC2B6EFBF8}</UniqueIdentifier>
    </Filter>
    <Filter Include="System\Internal">
      <UniqueIdentifier>{D6EDD2A1-4279-4066-4B8A-C35AB7949C66}</UniqueIdentifier>
    </Filter>
    <Filter Include="Utilities">
      <UniqueIdentifier>{010A8043-6D74-34BA-B6B2-E55F225C120F}</UniqueIdentifier>
    </Filter>
    <Filter Include="Utilities\BinPacking">
      <UniqueIdentifier>{E6FFDE8F-D28E-6859-7BAD-7C54671B79FF}</UniqueIdentifier>
    </Filter>
  </ItemGroup>
  <ItemGroup>
    <ClInclude Include="..\..\source\MW\Audio\AudioClip.h">
      <Filter>Audio</Filter>
    </ClInclude>
    <ClInclude Include="..\..\source\MW\Audio\AudioContext.h">
      <Filter>Audio</Filter>
    </ClInclude>
    <ClInclude Include="..\..\source\MW\Audio\AudioContextWindows.h">
      <Filter>Audio</Filter>
    </ClInclude>
    <ClInclude Include="..\..\source\MW\Audio\AudioSample.h">
      <Filter>Audio</Filter>
    </ClInclude>
    <ClInclude Include="..\..\source\MW\Audio\AudioStream.h">
      <Filter>Audio</Filter>
    </ClInclude>
    <ClInclude Include="..\..\source\MW\Audio\Mp3Decoder.h">
      <Filter>Audio</Filter>
    </ClInclude>
    <ClInclude Include="..\..\source\MW\Audio\Mp3Stream.h">
      <Filter>Audio</Filter>
    </ClInclude>
    <ClInclude Include="..\..\source\MW\Audio\OggDecoder.h">
      <Filter>Audio</Filter>
    </ClInclude>
    <ClInclude Include="..\..\source\MW\Audio\OggStream.h">
      <Filter>Audio</Filter>
    </ClInclude>
    <ClInclude Include="..\..\source\MW\Audio\WavStream.h">
      <Filter>Audio</Filter>
    </ClInclude>
    <ClInclude Include="..\..\source\MW\Data\Database\AssetDatabase.h">
      <Filter>Data\Database</Filter>
    </ClInclude>
    <ClInclude Include="..\..\source\MW\Data\Database\AssetImporter.h">
      <Filter>Data\Database</Filter>
    </ClInclude>
    <ClInclude Include="..\..\source\MW\Data\Database\AudioClipImporter.h">
      <Filter>Data\Database</Filter>
    </ClInclude>
    <ClInclude Include="..\..\source\MW\Data\Database\DefaultImporter.h">
      <Filter>Data\Database</Filter>
    </ClInclude>
    <ClInclude Include="..\..\source\MW\Data\Database\ModelImporter.h">
      <Filter>Data\Database</Filter>
    </ClInclude>
    <ClInclude Include="..\..\source\MW\Data\Database\TextureImporter.h">
      <Filter>Data\Database</Filter>
    </ClInclude>
    <ClInclude Include="..\..\source\MW\Data\Internal\FBXModelConverter.h">
      <Filter>Data\Internal</Filter>
    </ClInclude>
    <ClInclude Include="..\..\source\MW\Data\Internal\FBXUDPParser.h">
      <Filter>Data\Internal</Filter>
    </ClInclude>
    <ClInclude Include="..\..\source\MW\Data\Internal\FbxMemoryStream.h">
      <Filter>Data\Internal</Filter>
    </ClInclude>
    <ClInclude Include="..\..\source\MW\Data\Library\AssetLibrary.h">
      <Filter>Data\Library</Filter>
    </ClInclude>
    <ClInclude Include="..\..\source\MW\Data\Library\AssetLoader.h">
      <Filter>Data\Library</Filter>
    </ClInclude>
    <ClInclude Include="..\..\source\MW\Data\Library\AssetManifest.h">
      <Filter>Data\Library</Filter>
    </ClInclude>
    <ClInclude Include="..\..\source\MW\Data\Library\AssetSettings.h">
      <Filter>Data\Library</Filter>
    </ClInclude>
    <ClInclude Include="..\..\source\MW\Data\Library\AssetType.h">
      <Filter>Data\Library</Filter>
    </ClInclude>
    <ClInclude Include="..\..\source\MW\Data\Library\AudioClipLoader.h">
      <Filter>Data\Library</Filter>
    </ClInclude>
    <ClInclude Include="..\..\source\MW\Data\Library\BinaryLoader.h">
      <Filter>Data\Library</Filter>
    </ClInclude>
    <ClInclude Include="..\..\source\MW\Data\Library\FontLoader.h">
      <Filter>Data\Library</Filter>
    </ClInclude>
    <ClInclude Include="..\..\source\MW\Data\Library\ObjectLoader.h">
      <Filter>Data\Library</Filter>
    </ClInclude>
    <ClInclude Include="..\..\source\MW\Data\Library\ShaderLoader.h">
      <Filter>Data\Library</Filter>
    </ClInclude>
    <ClInclude Include="..\..\source\MW\Data\Library\TextureLoader.h">
      <Filter>Data\Library</Filter>
    </ClInclude>
    <ClInclude Include="..\..\source\MW\Graphics\AnimationClip.h">
      <Filter>Graphics</Filter>
    </ClInclude>
    <ClInclude Include="..\..\source\MW\Graphics\AnimationTrack.h">
      <Filter>Graphics</Filter>
    </ClInclude>
    <ClInclude Include="..\..\source\MW\Graphics\Color.h">
      <Filter>Graphics</Filter>
    </ClInclude>
    <ClInclude Include="..\..\source\MW\Graphics\DrawBuffer.h">
      <Filter>Graphics</Filter>
    </ClInclude>
    <ClInclude Include="..\..\source\MW\Graphics\Font.h">
      <Filter>Graphics</Filter>
    </ClInclude>
    <ClInclude Include="..\..\source\MW\Graphics\GizmoUtility.h">
      <Filter>Graphics</Filter>
    </ClInclude>
    <ClInclude Include="..\..\source\MW\Graphics\Graphics.h">
      <Filter>Graphics</Filter>
    </ClInclude>
    <ClInclude Include="..\..\source\MW\Graphics\GraphicsContext.h">
      <Filter>Graphics</Filter>
    </ClInclude>
    <ClInclude Include="..\..\source\MW\Graphics\GraphicsResource.h">
      <Filter>Graphics</Filter>
    </ClInclude>
    <ClInclude Include="..\..\source\MW\Graphics\GraphicsTypes.h">
      <Filter>Graphics</Filter>
    </ClInclude>
    <ClInclude Include="..\..\source\MW\Graphics\Image.h">
      <Filter>Graphics</Filter>
    </ClInclude>
    <ClInclude Include="..\..\source\MW\Graphics\Internal\DrawBufferOpenGL.h">
      <Filter>Graphics\Internal</Filter>
    </ClInclude>
    <ClInclude Include="..\..\source\MW\Graphics\Internal\DrawBufferWindowsD3D11.h">
      <Filter>Graphics\Internal</Filter>
    </ClInclude>
    <ClInclude Include="..\..\source\MW\Graphics\Internal\GraphicsContextWindowsD3D11.h">
      <Filter>Graphics\Internal</Filter>
    </ClInclude>
    <ClInclude Include="..\..\source\MW\Graphics\Internal\GraphicsContextWindowsOpenGL.h">
      <Filter>Graphics\Internal</Filter>
    </ClInclude>
    <ClInclude Include="..\..\source\MW\Graphics\Internal\OpenGLAPI.h">
      <Filter>Graphics\Internal</Filter>
    </ClInclude>
    <ClInclude Include="..\..\source\MW\Graphics\Internal\RenderTextureOpenGL.h">
      <Filter>Graphics\Internal</Filter>
    </ClInclude>
    <ClInclude Include="..\..\source\MW\Graphics\Internal\RenderTextureWindowsD3D11.h">
      <Filter>Graphics\Internal</Filter>
    </ClInclude>
    <ClInclude Include="..\..\source\MW\Graphics\Internal\ShaderOpenGL.h">
      <Filter>Graphics\Internal</Filter>
    </ClInclude>
    <ClInclude Include="..\..\source\MW\Graphics\Internal\ShaderWindowsD3D11.h">
      <Filter>Graphics\Internal</Filter>
    </ClInclude>
    <ClInclude Include="..\..\source\MW\Graphics\Internal\TextureOpenGL.h">
      <Filter>Graphics\Internal</Filter>
    </ClInclude>
    <ClInclude Include="..\..\source\MW\Graphics\Internal\TextureWindowsD3D11.h">
      <Filter>Graphics\Internal</Filter>
    </ClInclude>
    <ClInclude Include="..\..\source\MW\Graphics\Internal\WindowSurfaceWindowsD3D11.h">
      <Filter>Graphics\Internal</Filter>
    </ClInclude>
    <ClInclude Include="..\..\source\MW\Graphics\Internal\WindowSurfaceWindowsOpenGL.h">
      <Filter>Graphics\Internal</Filter>
    </ClInclude>
    <ClInclude Include="..\..\source\MW\Graphics\LineEnumerator.h">
      <Filter>Graphics</Filter>
    </ClInclude>
    <ClInclude Include="..\..\source\MW\Graphics\Material.h">
      <Filter>Graphics</Filter>
    </ClInclude>
    <ClInclude Include="..\..\source\MW\Graphics\MaterialPropertyBlock.h">
      <Filter>Graphics</Filter>
    </ClInclude>
    <ClInclude Include="..\..\source\MW\Graphics\Mesh.h">
      <Filter>Graphics</Filter>
    </ClInclude>
    <ClInclude Include="..\..\source\MW\Graphics\Model.h">
      <Filter>Graphics</Filter>
    </ClInclude>
    <ClInclude Include="..\..\source\MW\Graphics\RenderQueue.h">
      <Filter>Graphics</Filter>
    </ClInclude>
    <ClInclude Include="..\..\source\MW\Graphics\RenderTarget.h">
      <Filter>Graphics</Filter>
    </ClInclude>
    <ClInclude Include="..\..\source\MW\Graphics\RenderTexture.h">
      <Filter>Graphics</Filter>
    </ClInclude>
    <ClInclude Include="..\..\source\MW\Graphics\Shader.h">
      <Filter>Graphics</Filter>
    </ClInclude>
    <ClInclude Include="..\..\source\MW\Graphics\Texture.h">
      <Filter>Graphics</Filter>
    </ClInclude>
    <ClInclude Include="..\..\source\MW\Graphics\Types.h">
      <Filter>Graphics</Filter>
    </ClInclude>
    <ClInclude Include="..\..\source\MW\Graphics\WindowSurface.h">
      <Filter>Graphics</Filter>
    </ClInclude>
    <ClInclude Include="..\..\source\MW\Graphics\detail\Color32F.h">
      <Filter>Graphics\detail</Filter>
    </ClInclude>
    <ClInclude Include="..\..\source\MW\Graphics\detail\Color32F.inl">
      <Filter>Graphics\detail</Filter>
    </ClInclude>
    <ClInclude Include="..\..\source\MW\Graphics\detail\Color8U.h">
      <Filter>Graphics\detail</Filter>
    </ClInclude>
    <ClInclude Include="..\..\source\MW\Graphics\detail\Color8U.inl">
      <Filter>Graphics\detail</Filter>
    </ClInclude>
    <ClInclude Include="..\..\source\MW\Graphics\detail\ColorBGRA.h">
      <Filter>Graphics\detail</Filter>
    </ClInclude>
    <ClInclude Include="..\..\source\MW\Graphics\detail\ColorBGRA.inl">
      <Filter>Graphics\detail</Filter>
    </ClInclude>
    <ClInclude Include="..\..\source\MW\IO\File.h">
      <Filter>IO</Filter>
    </ClInclude>
    <ClInclude Include="..\..\source\MW\IO\FileStream.h">
      <Filter>IO</Filter>
    </ClInclude>
    <ClInclude Include="..\..\source\MW\IO\MemoryStream.h">
      <Filter>IO</Filter>
    </ClInclude>
    <ClInclude Include="..\..\source\MW\IO\Stream.h">
      <Filter>IO</Filter>
    </ClInclude>
    <ClInclude Include="..\..\source\MW\Math\Math.h">
      <Filter>Math</Filter>
    </ClInclude>
    <ClInclude Include="..\..\source\MW\Math\detail\AABox.h">
      <Filter>Math\detail</Filter>
    </ClInclude>
    <ClInclude Include="..\..\source\MW\Math\detail\AABox.inl">
      <Filter>Math\detail</Filter>
    </ClInclude>
    <ClInclude Include="..\..\source\MW\Math\detail\Functions.h">
      <Filter>Math\detail</Filter>
    </ClInclude>
    <ClInclude Include="..\..\source\MW\Math\detail\Functions.inl">
      <Filter>Math\detail</Filter>
    </ClInclude>
    <ClInclude Include="..\..\source\MW\Math\detail\IVec2.h">
      <Filter>Math\detail</Filter>
    </ClInclude>
    <ClInclude Include="..\..\source\MW\Math\detail\IVec2.inl">
      <Filter>Math\detail</Filter>
    </ClInclude>
    <ClInclude Include="..\..\source\MW\Math\detail\IVec4.h">
      <Filter>Math\detail</Filter>
    </ClInclude>
    <ClInclude Include="..\..\source\MW\Math\detail\IVec4.inl">
      <Filter>Math\detail</Filter>
    </ClInclude>
    <ClInclude Include="..\..\source\MW\Math\detail\IntRect.h">
      <Filter>Math\detail</Filter>
    </ClInclude>
    <ClInclude Include="..\..\source\MW\Math\detail\IntRect.inl">
      <Filter>Math\detail</Filter>
    </ClInclude>
    <ClInclude Include="..\..\source\MW\Math\detail\Json.inl">
      <Filter>Math\detail</Filter>
    </ClInclude>
    <ClInclude Include="..\..\source\MW\Math\detail\Mat2.h">
      <Filter>Math\detail</Filter>
    </ClInclude>
    <ClInclude Include="..\..\source\MW\Math\detail\Mat2.inl">
      <Filter>Math\detail</Filter>
    </ClInclude>
    <ClInclude Include="..\..\source\MW\Math\detail\Mat3.h">
      <Filter>Math\detail</Filter>
    </ClInclude>
    <ClInclude Include="..\..\source\MW\Math\detail\Mat3.inl">
      <Filter>Math\detail</Filter>
    </ClInclude>
    <ClInclude Include="..\..\source\MW\Math\detail\Mat4.h">
      <Filter>Math\detail</Filter>
    </ClInclude>
    <ClInclude Include="..\..\source\MW\Math\detail\Mat4.inl">
      <Filter>Math\detail</Filter>
    </ClInclude>
    <ClInclude Include="..\..\source\MW\Math\detail\Plane.h">
      <Filter>Math\detail</Filter>
    </ClInclude>
    <ClInclude Include="..\..\source\MW\Math\detail\Plane.inl">
      <Filter>Math\detail</Filter>
    </ClInclude>
    <ClInclude Include="..\..\source\MW\Math\detail\Quat.h">
      <Filter>Math\detail</Filter>
    </ClInclude>
    <ClInclude Include="..\..\source\MW\Math\detail\Quat.inl">
      <Filter>Math\detail</Filter>
    </ClInclude>
    <ClInclude Include="..\..\source\MW\Math\detail\Ray.h">
      <Filter>Math\detail</Filter>
    </ClInclude>
    <ClInclude Include="..\..\source\MW\Math\detail\Ray.inl">
      <Filter>Math\detail</Filter>
    </ClInclude>
    <ClInclude Include="..\..\source\MW\Math\detail\Sphere.h">
      <Filter>Math\detail</Filter>
    </ClInclude>
    <ClInclude Include="..\..\source\MW\Math\detail\Sphere.inl">
      <Filter>Math\detail</Filter>
    </ClInclude>
    <ClInclude Include="..\..\source\MW\Math\detail\Transform.h">
      <Filter>Math\detail</Filter>
    </ClInclude>
    <ClInclude Include="..\..\source\MW\Math\detail\Transform.inl">
      <Filter>Math\detail</Filter>
    </ClInclude>
    <ClInclude Include="..\..\source\MW\Math\detail\Triangle.h">
      <Filter>Math\detail</Filter>
    </ClInclude>
    <ClInclude Include="..\..\source\MW\Math\detail\Triangle.inl">
      <Filter>Math\detail</Filter>
    </ClInclude>
    <ClInclude Include="..\..\source\MW\Math\detail\Vec2.h">
      <Filter>Math\detail</Filter>
    </ClInclude>
    <ClInclude Include="..\..\source\MW\Math\detail\Vec2.inl">
      <Filter>Math\detail</Filter>
    </ClInclude>
    <ClInclude Include="..\..\source\MW\Math\detail\Vec3.h">
      <Filter>Math\detail</Filter>
    </ClInclude>
    <ClInclude Include="..\..\source\MW\Math\detail\Vec3.inl">
      <Filter>Math\detail</Filter>
    </ClInclude>
    <ClInclude Include="..\..\source\MW\Math\detail\Vec4.h">
      <Filter>Math\detail</Filter>
    </ClInclude>
    <ClInclude Include="..\..\source\MW\Math\detail\Vec4.inl">
      <Filter>Math\detail</Filter>
    </ClInclude>
    <ClInclude Include="..\..\source\MW\Scene\Axis.h">
      <Filter>Scene</Filter>
    </ClInclude>
    <ClInclude Include="..\..\source\MW\Scene\Components\Animator.h">
      <Filter>Scene\Components</Filter>
    </ClInclude>
    <ClInclude Include="..\..\source\MW\Scene\Components\AudioSource.h">
      <Filter>Scene\Components</Filter>
    </ClInclude>
    <ClInclude Include="..\..\source\MW\Scene\Components\BoxCollider.h">
      <Filter>Scene\Components</Filter>
    </ClInclude>
    <ClInclude Include="..\..\source\MW\Scene\Components\Button.h">
      <Filter>Scene\Components</Filter>
    </ClInclude>
    <ClInclude Include="..\..\source\MW\Scene\Components\Camera.h">
      <Filter>Scene\Components</Filter>
    </ClInclude>
    <ClInclude Include="..\..\source\MW\Scene\Components\Canvas.h">
      <Filter>Scene\Components</Filter>
    </ClInclude>
    <ClInclude Include="..\..\source\MW\Scene\Components\CapsuleCollider.h">
      <Filter>Scene\Components</Filter>
    </ClInclude>
    <ClInclude Include="..\..\source\MW\Scene\Components\Collider.h">
      <Filter>Scene\Components</Filter>
    </ClInclude>
    <ClInclude Include="..\..\source\MW\Scene\Components\Component.h">
      <Filter>Scene\Components</Filter>
    </ClInclude>
    <ClInclude Include="..\..\source\MW\Scene\Components\D6Joint.h">
      <Filter>Scene\Components</Filter>
    </ClInclude>
    <ClInclude Include="..\..\source\MW\Scene\Components\DirectionalLight.h">
      <Filter>Scene\Components</Filter>
    </ClInclude>
    <ClInclude Include="..\..\source\MW\Scene\Components\ImageView.h">
      <Filter>Scene\Components</Filter>
    </ClInclude>
    <ClInclude Include="..\..\source\MW\Scene\Components\MeshCollider.h">
      <Filter>Scene\Components</Filter>
    </ClInclude>
    <ClInclude Include="..\..\source\MW\Scene\Components\MeshRenderer.h">
      <Filter>Scene\Components</Filter>
    </ClInclude>
    <ClInclude Include="..\..\source\MW\Scene\Components\RigidBody.h">
      <Filter>Scene\Components</Filter>
    </ClInclude>
    <ClInclude Include="..\..\source\MW\Scene\Components\Script.h">
      <Filter>Scene\Components</Filter>
    </ClInclude>
    <ClInclude Include="..\..\source\MW\Scene\Components\SphereCollider.h">
      <Filter>Scene\Components</Filter>
    </ClInclude>
    <ClInclude Include="..\..\source\MW\Scene\Components\TextView.h">
      <Filter>Scene\Components</Filter>
    </ClInclude>
    <ClInclude Include="..\..\source\MW\Scene\Components\View.h">
      <Filter>Scene\Components</Filter>
    </ClInclude>
    <ClInclude Include="..\..\source\MW\Scene\Coroutine.h">
      <Filter>Scene</Filter>
    </ClInclude>
    <ClInclude Include="..\..\source\MW\Scene\Events.h">
      <Filter>Scene</Filter>
    </ClInclude>
    <ClInclude Include="..\..\source\MW\Scene\Internal\Bullet.h">
      <Filter>Scene\Internal</Filter>
    </ClInclude>
    <ClInclude Include="..\..\source\MW\Scene\Internal\CapsuleShape.h">
      <Filter>Scene\Internal</Filter>
    </ClInclude>
    <ClInclude Include="..\..\source\MW\Scene\LayerMask.h">
      <Filter>Scene</Filter>
    </ClInclude>
    <ClInclude Include="..\..\source\MW\Scene\Node.h">
      <Filter>Scene</Filter>
    </ClInclude>
    <ClInclude Include="..\..\source\MW\Scene\PhysicsWorld.h">
      <Filter>Scene</Filter>
    </ClInclude>
    <ClInclude Include="..\..\source\MW\Scene\Renderable.h">
      <Filter>Scene</Filter>
    </ClInclude>
    <ClInclude Include="..\..\source\MW\Scene\Scene.h">
      <Filter>Scene</Filter>
    </ClInclude>
    <ClInclude Include="..\..\source\MW\Scene\SceneRenderer.h">
      <Filter>Scene</Filter>
    </ClInclude>
    <ClInclude Include="..\..\source\MW\System\App.h">
      <Filter>System</Filter>
    </ClInclude>
    <ClInclude Include="..\..\source\MW\System\ApplicationDispatcher.h">
      <Filter>System</Filter>
    </ClInclude>
    <ClInclude Include="..\..\source\MW\System\AsyncExecutor.h">
      <Filter>System</Filter>
    </ClInclude>
    <ClInclude Include="..\..\source\MW\System\Awaitable.h">
      <Filter>System</Filter>
    </ClInclude>
    <ClInclude Include="..\..\source\MW\System\Clock.h">
      <Filter>System</Filter>
    </ClInclude>
    <ClInclude Include="..\..\source\MW\System\Console.h">
      <Filter>System</Filter>
    </ClInclude>
    <ClInclude Include="..\..\source\MW\System\Dispatcher.h">
      <Filter>System</Filter>
    </ClInclude>
    <ClInclude Include="..\..\source\MW\System\EventHandlerList.h">
      <Filter>System</Filter>
    </ClInclude>
    <ClInclude Include="..\..\source\MW\System\Executor.h">
      <Filter>System</Filter>
    </ClInclude>
    <ClInclude Include="..\..\source\MW\System\IAwaitable.h">
      <Filter>System</Filter>
    </ClInclude>
    <ClInclude Include="..\..\source\MW\System\IAwaiter.h">
      <Filter>System</Filter>
    </ClInclude>
    <ClInclude Include="..\..\source\MW\System\Internal\ApplicationDispatcherWindows.h">
      <Filter>System\Internal</Filter>
    </ClInclude>
    <ClInclude Include="..\..\source\MW\System\Internal\WindowWindows.h">
      <Filter>System\Internal</Filter>
    </ClInclude>
    <ClInclude Include="..\..\source\MW\System\Json.h">
      <Filter>System</Filter>
    </ClInclude>
    <ClInclude Include="..\..\source\MW\System\Object.h">
      <Filter>System</Filter>
    </ClInclude>
    <ClInclude Include="..\..\source\MW\System\Platforms.h">
      <Filter>System</Filter>
    </ClInclude>
    <ClInclude Include="..\..\source\MW\System\Pointers.h">
      <Filter>System</Filter>
    </ClInclude>
    <ClInclude Include="..\..\source\MW\System\Spinlock.h">
      <Filter>System</Filter>
    </ClInclude>
    <ClInclude Include="..\..\source\MW\System\SyncExecutor.h">
      <Filter>System</Filter>
    </ClInclude>
    <ClInclude Include="..\..\source\MW\System\Task.h">
      <Filter>System</Filter>
    </ClInclude>
    <ClInclude Include="..\..\source\MW\System\ThreadPool.h">
      <Filter>System</Filter>
    </ClInclude>
    <ClInclude Include="..\..\source\MW\System\UUID.h">
      <Filter>System</Filter>
    </ClInclude>
    <ClInclude Include="..\..\source\MW\System\Window.h">
      <Filter>System</Filter>
    </ClInclude>
    <ClInclude Include="..\..\source\MW\System\path.h">
      <Filter>System</Filter>
    </ClInclude>
    <ClInclude Include="..\..\source\MW\Utilities\Base64.h">
      <Filter>Utilities</Filter>
    </ClInclude>
    <ClInclude Include="..\..\source\MW\Utilities\BinPacking\BSPNode.h">
      <Filter>Utilities\BinPacking</Filter>
    </ClInclude>
    <ClInclude Include="..\..\source\MW\Utilities\BinPacking\BSPNodeAllocator.h">
      <Filter>Utilities\BinPacking</Filter>
    </ClInclude>
    <ClInclude Include="..\..\source\MW\Utilities\BinPacking\Bin.h">
      <Filter>Utilities\BinPacking</Filter>
    </ClInclude>
    <ClInclude Include="..\..\source\MW\Utilities\BinPacking\BinPacking.h">
      <Filter>Utilities\BinPacking</Filter>
    </ClInclude>
    <ClInclude Include="..\..\source\MW\Utilities\BinPacking\RectMapping.h">
      <Filter>Utilities\BinPacking</Filter>
    </ClInclude>
    <ClInclude Include="..\..\source\MW\Utilities\EnumFlags.h">
      <Filter>Utilities</Filter>
    </ClInclude>
    <ClInclude Include="..\..\source\MW\Utilities\Format.h">
      <Filter>Utilities</Filter>
    </ClInclude>
    <ClInclude Include="..\..\source\MW\Utilities\Sink.h">
      <Filter>Utilities</Filter>
    </ClInclude>
    <ClInclude Include="..\..\source\MW\Utilities\Util.h">
      <Filter>Utilities</Filter>
    </ClInclude>
  </ItemGroup>
  <ItemGroup>
    <ClCompile Include="..\..\source\MW\Audio\AudioClip.cpp">
      <Filter>Audio</Filter>
    </ClCompile>
    <ClCompile Include="..\..\source\MW\Audio\AudioContext.cpp">
      <Filter>Audio</Filter>
    </ClCompile>
    <ClCompile Include="..\..\source\MW\Audio\AudioContextWindows.cpp">
      <Filter>Audio</Filter>
    </ClCompile>
    <ClCompile Include="..\..\source\MW\Audio\Mp3Stream.cpp">
      <Filter>Audio</Filter>
    </ClCompile>
    <ClCompile Include="..\..\source\MW\Audio\OggStream.cpp">
      <Filter>Audio</Filter>
    </ClCompile>
    <ClCompile Include="..\..\source\MW\Audio\WavStream.cpp">
      <Filter>Audio</Filter>
    </ClCompile>
    <ClCompile Include="..\..\source\MW\Data\Database\AssetDatabase.cpp">
      <Filter>Data\Database</Filter>
    </ClCompile>
    <ClCompile Include="..\..\source\MW\Data\Database\ModelImporter.cpp">
      <Filter>Data\Database</Filter>
    </ClCompile>
    <ClCompile Include="..\..\source\MW\Data\Library\AssetLibrary.cpp">
      <Filter>Data\Library</Filter>
    </ClCompile>
    <ClCompile Include="..\..\source\MW\Data\Library\AudioClipLoader.cpp">
      <Filter>Data\Library</Filter>
    </ClCompile>
    <ClCompile Include="..\..\source\MW\Data\Library\ShaderLoader.cpp">
      <Filter>Data\Library</Filter>
    </ClCompile>
    <ClCompile Include="..\..\source\MW\Data\Library\TextureLoader.cpp">
      <Filter>Data\Library</Filter>
    </ClCompile>
    <ClCompile Include="..\..\source\MW\Graphics\AnimationClip.cpp">
      <Filter>Graphics</Filter>
    </ClCompile>
    <ClCompile Include="..\..\source\MW\Graphics\Font.cpp">
      <Filter>Graphics</Filter>
    </ClCompile>
    <ClCompile Include="..\..\source\MW\Graphics\GizmoUtility.cpp">
      <Filter>Graphics</Filter>
    </ClCompile>
    <ClCompile Include="..\..\source\MW\Graphics\Image.cpp">
      <Filter>Graphics</Filter>
    </ClCompile>
    <ClCompile Include="..\..\source\MW\Graphics\Internal\DrawBufferOpenGL.cpp">
      <Filter>Graphics\Internal</Filter>
    </ClCompile>
    <ClCompile Include="..\..\source\MW\Graphics\Internal\DrawBufferWindowsD3D11.cpp">
      <Filter>Graphics\Internal</Filter>
    </ClCompile>
    <ClCompile Include="..\..\source\MW\Graphics\Internal\GraphicsContextWindows.cpp">
      <Filter>Graphics\Internal</Filter>
    </ClCompile>
    <ClCompile Include="..\..\source\MW\Graphics\Internal\GraphicsContextWindowsD3D11.cpp">
      <Filter>Graphics\Internal</Filter>
    </ClCompile>
    <ClCompile Include="..\..\source\MW\Graphics\Internal\GraphicsContextWindowsOpenGL.cpp">
      <Filter>Graphics\Internal</Filter>
    </ClCompile>
    <ClCompile Include="..\..\source\MW\Graphics\Internal\RenderTextureOpenGL.cpp">
      <Filter>Graphics\Internal</Filter>
    </ClCompile>
    <ClCompile Include="..\..\source\MW\Graphics\Internal\RenderTextureWindowsD3D11.cpp">
      <Filter>Graphics\Internal</Filter>
    </ClCompile>
    <ClCompile Include="..\..\source\MW\Graphics\Internal\ShaderOpenGL.cpp">
      <Filter>Graphics\Internal</Filter>
    </ClCompile>
    <ClCompile Include="..\..\source\MW\Graphics\Internal\ShaderWindowsD3D11.cpp">
      <Filter>Graphics\Internal</Filter>
    </ClCompile>
    <ClCompile Include="..\..\source\MW\Graphics\Internal\TextureOpenGL.cpp">
      <Filter>Graphics\Internal</Filter>
    </ClCompile>
    <ClCompile Include="..\..\source\MW\Graphics\Internal\TextureWindowsD3D11.cpp">
      <Filter>Graphics\Internal</Filter>
    </ClCompile>
    <ClCompile Include="..\..\source\MW\Graphics\Internal\WindowSurfaceWindowsD3D11.cpp">
      <Filter>Graphics\Internal</Filter>
    </ClCompile>
    <ClCompile Include="..\..\source\MW\Graphics\Internal\WindowSurfaceWindowsOpenGL.cpp">
      <Filter>Graphics\Internal</Filter>
    </ClCompile>
    <ClCompile Include="..\..\source\MW\Graphics\LineEnumerator.cpp">
      <Filter>Graphics</Filter>
    </ClCompile>
    <ClCompile Include="..\..\source\MW\Graphics\Material.cpp">
      <Filter>Graphics</Filter>
    </ClCompile>
    <ClCompile Include="..\..\source\MW\Graphics\MaterialPropertyBlock.cpp">
      <Filter>Graphics</Filter>
    </ClCompile>
    <ClCompile Include="..\..\source\MW\Graphics\Mesh.cpp">
      <Filter>Graphics</Filter>
    </ClCompile>
    <ClCompile Include="..\..\source\MW\Graphics\Model.cpp">
      <Filter>Graphics</Filter>
    </ClCompile>
    <ClCompile Include="..\..\source\MW\Graphics\Shader.cpp">
      <Filter>Graphics</Filter>
    </ClCompile>
    <ClCompile Include="..\..\source\MW\IO\File.cpp">
      <Filter>IO</Filter>
    </ClCompile>
    <ClCompile Include="..\..\source\MW\Scene\Components\Animator.cpp">
      <Filter>Scene\Components</Filter>
    </ClCompile>
    <ClCompile Include="..\..\source\MW\Scene\Components\AudioSource.cpp">
      <Filter>Scene\Components</Filter>
    </ClCompile>
    <ClCompile Include="..\..\source\MW\Scene\Components\BoxCollider.cpp">
      <Filter>Scene\Components</Filter>
    </ClCompile>
    <ClCompile Include="..\..\source\MW\Scene\Components\Button.cpp">
      <Filter>Scene\Components</Filter>
    </ClCompile>
    <ClCompile Include="..\..\source\MW\Scene\Components\Camera.cpp">
      <Filter>Scene\Components</Filter>
    </ClCompile>
    <ClCompile Include="..\..\source\MW\Scene\Components\Canvas.cpp">
      <Filter>Scene\Components</Filter>
    </ClCompile>
    <ClCompile Include="..\..\source\MW\Scene\Components\CapsuleCollider.cpp">
      <Filter>Scene\Components</Filter>
    </ClCompile>
    <ClCompile Include="..\..\source\MW\Scene\Components\Collider.cpp">
      <Filter>Scene\Components</Filter>
    </ClCompile>
    <ClCompile Include="..\..\source\MW\Scene\Components\Component.cpp">
      <Filter>Scene\Components</Filter>
    </ClCompile>
    <ClCompile Include="..\..\source\MW\Scene\Components\D6Joint.cpp">
      <Filter>Scene\Components</Filter>
    </ClCompile>
    <ClCompile Include="..\..\source\MW\Scene\Components\DirectionalLight.cpp">
      <Filter>Scene\Components</Filter>
    </ClCompile>
    <ClCompile Include="..\..\source\MW\Scene\Components\ImageView.cpp">
      <Filter>Scene\Components</Filter>
    </ClCompile>
    <ClCompile Include="..\..\source\MW\Scene\Components\MeshCollider.cpp">
      <Filter>Scene\Components</Filter>
    </ClCompile>
    <ClCompile Include="..\..\source\MW\Scene\Components\MeshRenderer.cpp">
      <Filter>Scene\Components</Filter>
    </ClCompile>
    <ClCompile Include="..\..\source\MW\Scene\Components\RigidBody.cpp">
      <Filter>Scene\Components</Filter>
    </ClCompile>
    <ClCompile Include="..\..\source\MW\Scene\Components\SphereCollider.cpp">
      <Filter>Scene\Components</Filter>
    </ClCompile>
    <ClCompile Include="..\..\source\MW\Scene\Components\TextView.cpp">
      <Filter>Scene\Components</Filter>
    </ClCompile>
    <ClCompile Include="..\..\source\MW\Scene\Components\View.cpp">
      <Filter>Scene\Components</Filter>
    </ClCompile>
    <ClCompile Include="..\..\source\MW\Scene\Events.cpp">
      <Filter>Scene</Filter>
    </ClCompile>
    <ClCompile Include="..\..\source\MW\Scene\Node.cpp">
      <Filter>Scene</Filter>
    </ClCompile>
    <ClCompile Include="..\..\source\MW\Scene\PhysicsWorld.cpp">
      <Filter>Scene</Filter>
    </ClCompile>
    <ClCompile Include="..\..\source\MW\Scene\Scene.cpp">
      <Filter>Scene</Filter>
    </ClCompile>
    <ClCompile Include="..\..\source\MW\Scene\SceneRenderer.cpp">
      <Filter>Scene</Filter>
    </ClCompile>
    <ClCompile Include="..\..\source\MW\System\App.cpp">
      <Filter>System</Filter>
    </ClCompile>
    <ClCompile Include="..\..\source\MW\System\AsyncExecutor.cpp">
      <Filter>System</Filter>
    </ClCompile>
    <ClCompile Include="..\..\source\MW\System\Console.cpp">
      <Filter>System</Filter>
    </ClCompile>
    <ClCompile Include="..\..\source\MW\System\Dispatcher.cpp">
      <Filter>System</Filter>
    </ClCompile>
    <ClCompile Include="..\..\source\MW\System\EntryPoint.cpp">
      <Filter>System</Filter>
    </ClCompile>
    <ClCompile Include="..\..\source\MW\System\Internal\ApplicationDispatcherWindows.cpp">
      <Filter>System\Internal</Filter>
    </ClCompile>
    <ClCompile Include="..\..\source\MW\System\Internal\WindowWindows.cpp">
      <Filter>System\Internal</Filter>
    </ClCompile>
    <ClCompile Include="..\..\source\MW\System\Object.cpp">
      <Filter>System</Filter>
    </ClCompile>
    <ClCompile Include="..\..\source\MW\System\Task.cpp">
      <Filter>System</Filter>
    </ClCompile>
    <ClCompile Include="..\..\source\MW\System\Window.cpp">
      <Filter>System</Filter>
    </ClCompile>
    <ClCompile Include="..\..\source\MW\Utilities\BinPacking\BSPNode.cpp">
      <Filter>Utilities\BinPacking</Filter>
    </ClCompile>
    <ClCompile Include="..\..\source\MW\Utilities\BinPacking\BSPNodeAllocator.cpp">
      <Filter>Utilities\BinPacking</Filter>
    </ClCompile>
    <ClCompile Include="..\..\source\MW\Utilities\BinPacking\BinPacking.cpp">
      <Filter>Utilities\BinPacking</Filter>
    </ClCompile>
  </ItemGroup>
</Project>