<?xml version="1.0" encoding="utf-8"?>
<Project ToolsVersion="4.0" xmlns="http://schemas.microsoft.com/developer/msbuild/2003">
  <ItemGroup>
    <Filter Include="Audio">
      <UniqueIdentifier>{9718D90C-032D-01BE-CCAE-A41D3882FDEE}</UniqueIdentifier>
    </Filter>
    <Filter Include="Audio\Internal">
      <UniqueIdentifier>{A3B8EEDB-8F86-E2E1-781A-53086487BE46}</UniqueIdentifier>
    </Filter>
    <Filter Include="Data">
      <UniqueIdentifier>{3F05847C-2B3C-850D-D428-6B10C03E010F}</UniqueIdentifier>
    </Filter>
    <Filter Include="Data\Database">
      <UniqueIdentifier>{03C74269-6F87-BE9F-38C2-071DA441037C}</UniqueIdentifier>
    </Filter>
    <Filter Include="Data\Internal">
      <UniqueIdentifier>{4B6292EF-B722-0E26-805D-57A3ECDC5202}</UniqueIdentifier>
    </Filter>
    <Filter Include="Data\Library">
      <UniqueIdentifier>{432DD40F-2F90-63B4-D815-9C6AC4572F37}</UniqueIdentifier>
    </Filter>
    <Filter Include="Graphics">
      <UniqueIdentifier>{1653CE33-0220-293F-2B39-17E717655ECD}</UniqueIdentifier>
    </Filter>
    <Filter Include="Graphics\Internal">
      <UniqueIdentifier>{0232A30C-6E48-A1A2-B7BF-2CC42315722A}</UniqueIdentifier>
    </Filter>
    <Filter Include="IO">
      <UniqueIdentifier>{FD735900-E9FF-870B-52AE-880B3E59880B}</UniqueIdentifier>
    </Filter>
    <Filter Include="Math">
      <UniqueIdentifier>{AFF4887C-9B2B-8A0D-4418-7010302E060F}</UniqueIdentifier>
    </Filter>
    <Filter Include="SceneGraph">
      <UniqueIdentifier>{05BA97CB-F171-D918-5A79-B27446507409}</UniqueIdentifier>
    </Filter>
    <Filter Include="SceneGraph\Components">
      <UniqueIdentifier>{FA31FD22-669E-B81D-2F92-507B9BBDDA85}</UniqueIdentifier>
    </Filter>
    <Filter Include="SceneGraph\Internal">
      <UniqueIdentifier>{D1D53C72-3D37-1A80-C6A4-60323205513F}</UniqueIdentifier>
    </Filter>
    <Filter Include="System">
      <UniqueIdentifier>{6AD049D2-5672-74A8-3F2D-88FC2B6EFBF8}</UniqueIdentifier>
    </Filter>
    <Filter Include="System\Internal">
      <UniqueIdentifier>{D6EDD2A1-4279-4066-4B8A-C35AB7949C66}</UniqueIdentifier>
    </Filter>
    <Filter Include="Utilities">
      <UniqueIdentifier>{010A8043-6D74-34BA-B6B2-E55F225C120F}</UniqueIdentifier>
    </Filter>
    <Filter Include="Utilities\BinPacking">
      <UniqueIdentifier>{E6FFDE8F-D28E-6859-7BAD-7C54671B79FF}</UniqueIdentifier>
    </Filter>
  </ItemGroup>
  <ItemGroup>
    <ClInclude Include="..\..\source\MW\Audio\Internal\OpenAL.h">
      <Filter>Audio\Internal</Filter>
    </ClInclude>
    <ClInclude Include="..\..\source\MW\Data\Internal\Assets.h">
      <Filter>Data\Internal</Filter>
    </ClInclude>
    <ClInclude Include="..\..\source\MW\Data\Internal\FBX_SDK.h">
      <Filter>Data\Internal</Filter>
    </ClInclude>
    <ClInclude Include="..\..\source\MW\Graphics\Internal\FreeType2.h">
      <Filter>Graphics\Internal</Filter>
    </ClInclude>
    <ClInclude Include="..\..\source\MW\SceneGraph\Internal\Bullet.h">
      <Filter>SceneGraph\Internal</Filter>
    </ClInclude>
    <ClInclude Include="..\..\source\MW\System\Debug.h">
      <Filter>System</Filter>
    </ClInclude>
    <ClInclude Include="..\..\source\MW\System\Internal\Platform.h">
      <Filter>System\Internal</Filter>
    </ClInclude>
    <ClInclude Include="..\..\source\MW\System\Internal\PlatformHeaders.h">
      <Filter>System\Internal</Filter>
    </ClInclude>
  </ItemGroup>
  <ItemGroup>
    <ClCompile Include="..\..\source\MW\Audio\Audio.ixx">
      <Filter>Audio</Filter>
    </ClCompile>
    <ClCompile Include="..\..\source\MW\Audio\AudioClip.cpp">
      <Filter>Audio</Filter>
    </ClCompile>
    <ClCompile Include="..\..\source\MW\Audio\AudioClip.ixx">
      <Filter>Audio</Filter>
    </ClCompile>
    <ClCompile Include="..\..\source\MW\Audio\AudioContext.cpp">
      <Filter>Audio</Filter>
    </ClCompile>
    <ClCompile Include="..\..\source\MW\Audio\AudioContext.ixx">
      <Filter>Audio</Filter>
    </ClCompile>
    <ClCompile Include="..\..\source\MW\Audio\AudioSample.ixx">
      <Filter>Audio</Filter>
    </ClCompile>
    <ClCompile Include="..\..\source\MW\Audio\AudioStream.ixx">
      <Filter>Audio</Filter>
    </ClCompile>
    <ClCompile Include="..\..\source\MW\Audio\Internal\AudioContextOpenAL.cpp">
      <Filter>Audio\Internal</Filter>
    </ClCompile>
    <ClCompile Include="..\..\source\MW\Audio\Internal\AudioContextOpenAL.ixx">
      <Filter>Audio\Internal</Filter>
    </ClCompile>
    <ClCompile Include="..\..\source\MW\Audio\Internal\Mp3Decoder.ixx">
      <Filter>Audio\Internal</Filter>
    </ClCompile>
    <ClCompile Include="..\..\source\MW\Audio\Internal\OggDecoder.ixx">
      <Filter>Audio\Internal</Filter>
    </ClCompile>
    <ClCompile Include="..\..\source\MW\Audio\Mp3Stream.cpp">
      <Filter>Audio</Filter>
    </ClCompile>
    <ClCompile Include="..\..\source\MW\Audio\Mp3Stream.ixx">
      <Filter>Audio</Filter>
    </ClCompile>
    <ClCompile Include="..\..\source\MW\Audio\OggStream.cpp">
      <Filter>Audio</Filter>
    </ClCompile>
    <ClCompile Include="..\..\source\MW\Audio\OggStream.ixx">
      <Filter>Audio</Filter>
    </ClCompile>
    <ClCompile Include="..\..\source\MW\Audio\WavStream.cpp">
      <Filter>Audio</Filter>
    </ClCompile>
    <ClCompile Include="..\..\source\MW\Audio\WavStream.ixx">
      <Filter>Audio</Filter>
    </ClCompile>
    <ClCompile Include="..\..\source\MW\Data\Data.ixx">
      <Filter>Data</Filter>
    </ClCompile>
    <ClCompile Include="..\..\source\MW\Data\Database\AssetDatabase.cpp">
      <Filter>Data\Database</Filter>
    </ClCompile>
    <ClCompile Include="..\..\source\MW\Data\Database\AssetDatabase.ixx">
      <Filter>Data\Database</Filter>
    </ClCompile>
    <ClCompile Include="..\..\source\MW\Data\Database\AssetImporter.ixx">
      <Filter>Data\Database</Filter>
    </ClCompile>
    <ClCompile Include="..\..\source\MW\Data\Database\AudioClipImporter.ixx">
      <Filter>Data\Database</Filter>
    </ClCompile>
    <ClCompile Include="..\..\source\MW\Data\Database\Database.ixx">
      <Filter>Data\Database</Filter>
    </ClCompile>
    <ClCompile Include="..\..\source\MW\Data\Database\DefaultImporter.ixx">
      <Filter>Data\Database</Filter>
    </ClCompile>
    <ClCompile Include="..\..\source\MW\Data\Database\Metadata.ixx">
      <Filter>Data\Database</Filter>
    </ClCompile>
    <ClCompile Include="..\..\source\MW\Data\Database\ModelImporter.cpp">
      <Filter>Data\Database</Filter>
    </ClCompile>
    <ClCompile Include="..\..\source\MW\Data\Database\ModelImporter.ixx">
      <Filter>Data\Database</Filter>
    </ClCompile>
    <ClCompile Include="..\..\source\MW\Data\Database\TextureImporter.ixx">
      <Filter>Data\Database</Filter>
    </ClCompile>
    <ClCompile Include="..\..\source\MW\Data\Internal\FBXModelConverter.cpp">
      <Filter>Data\Internal</Filter>
    </ClCompile>
    <ClCompile Include="..\..\source\MW\Data\Internal\FBXModelConverter.ixx">
      <Filter>Data\Internal</Filter>
    </ClCompile>
    <ClCompile Include="..\..\source\MW\Data\Internal\FBXUDPParser.ixx">
      <Filter>Data\Internal</Filter>
    </ClCompile>
    <ClCompile Include="..\..\source\MW\Data\Library\AssetLibrary.cpp">
      <Filter>Data\Library</Filter>
    </ClCompile>
    <ClCompile Include="..\..\source\MW\Data\Library\AssetLibrary.ixx">
      <Filter>Data\Library</Filter>
    </ClCompile>
    <ClCompile Include="..\..\source\MW\Data\Library\AssetLoader.ixx">
      <Filter>Data\Library</Filter>
    </ClCompile>
    <ClCompile Include="..\..\source\MW\Data\Library\AssetManifest.ixx">
      <Filter>Data\Library</Filter>
    </ClCompile>
    <ClCompile Include="..\..\source\MW\Data\Library\AssetSettings.ixx">
      <Filter>Data\Library</Filter>
    </ClCompile>
    <ClCompile Include="..\..\source\MW\Data\Library\AssetType.ixx">
      <Filter>Data\Library</Filter>
    </ClCompile>
    <ClCompile Include="..\..\source\MW\Data\Library\AudioClipLoader.cpp">
      <Filter>Data\Library</Filter>
    </ClCompile>
    <ClCompile Include="..\..\source\MW\Data\Library\AudioClipLoader.ixx">
      <Filter>Data\Library</Filter>
    </ClCompile>
    <ClCompile Include="..\..\source\MW\Data\Library\BinaryLoader.ixx">
      <Filter>Data\Library</Filter>
    </ClCompile>
    <ClCompile Include="..\..\source\MW\Data\Library\FontLoader.ixx">
      <Filter>Data\Library</Filter>
    </ClCompile>
    <ClCompile Include="..\..\source\MW\Data\Library\Library.ixx">
      <Filter>Data\Library</Filter>
    </ClCompile>
    <ClCompile Include="..\..\source\MW\Data\Library\ObjectLoader.ixx">
      <Filter>Data\Library</Filter>
    </ClCompile>
    <ClCompile Include="..\..\source\MW\Data\Library\ShaderLoader.cpp">
      <Filter>Data\Library</Filter>
    </ClCompile>
    <ClCompile Include="..\..\source\MW\Data\Library\ShaderLoader.ixx">
      <Filter>Data\Library</Filter>
    </ClCompile>
    <ClCompile Include="..\..\source\MW\Data\Library\TextureLoader.cpp">
      <Filter>Data\Library</Filter>
    </ClCompile>
    <ClCompile Include="..\..\source\MW\Data\Library\TextureLoader.ixx">
      <Filter>Data\Library</Filter>
    </ClCompile>
    <ClCompile Include="..\..\source\MW\Graphics\AnimationClip.cpp">
      <Filter>Graphics</Filter>
    </ClCompile>
    <ClCompile Include="..\..\source\MW\Graphics\AnimationClip.ixx">
      <Filter>Graphics</Filter>
    </ClCompile>
    <ClCompile Include="..\..\source\MW\Graphics\AnimationTrack.ixx">
      <Filter>Graphics</Filter>
    </ClCompile>
    <ClCompile Include="..\..\source\MW\Graphics\Buffer.cpp">
      <Filter>Graphics</Filter>
    </ClCompile>
    <ClCompile Include="..\..\source\MW\Graphics\Buffer.ixx">
      <Filter>Graphics</Filter>
    </ClCompile>
    <ClCompile Include="..\..\source\MW\Graphics\Color.ixx">
      <Filter>Graphics</Filter>
    </ClCompile>
    <ClCompile Include="..\..\source\MW\Graphics\Color32.ixx">
      <Filter>Graphics</Filter>
    </ClCompile>
    <ClCompile Include="..\..\source\MW\Graphics\ColorBGRA.ixx">
      <Filter>Graphics</Filter>
    </ClCompile>
    <ClCompile Include="..\..\source\MW\Graphics\Font.cpp">
      <Filter>Graphics</Filter>
    </ClCompile>
    <ClCompile Include="..\..\source\MW\Graphics\Font.ixx">
      <Filter>Graphics</Filter>
    </ClCompile>
    <ClCompile Include="..\..\source\MW\Graphics\GizmoUtility.cpp">
      <Filter>Graphics</Filter>
    </ClCompile>
    <ClCompile Include="..\..\source\MW\Graphics\GizmoUtility.ixx">
      <Filter>Graphics</Filter>
    </ClCompile>
    <ClCompile Include="..\..\source\MW\Graphics\Graphics.ixx">
      <Filter>Graphics</Filter>
    </ClCompile>
    <ClCompile Include="..\..\source\MW\Graphics\GraphicsContext.cpp">
      <Filter>Graphics</Filter>
    </ClCompile>
    <ClCompile Include="..\..\source\MW\Graphics\GraphicsContext.ixx">
      <Filter>Graphics</Filter>
    </ClCompile>
    <ClCompile Include="..\..\source\MW\Graphics\GraphicsTypes.ixx">
      <Filter>Graphics</Filter>
    </ClCompile>
    <ClCompile Include="..\..\source\MW\Graphics\Image.cpp">
      <Filter>Graphics</Filter>
    </ClCompile>
    <ClCompile Include="..\..\source\MW\Graphics\Image.ixx">
      <Filter>Graphics</Filter>
    </ClCompile>
    <ClCompile Include="..\..\source\MW\Graphics\Internal\HWBuffer.ixx">
      <Filter>Graphics\Internal</Filter>
    </ClCompile>
    <ClCompile Include="..\..\source\MW\Graphics\Internal\HWBufferD3D11.cpp">
      <Filter>Graphics\Internal</Filter>
    </ClCompile>
    <ClCompile Include="..\..\source\MW\Graphics\Internal\HWBufferD3D11.ixx">
      <Filter>Graphics\Internal</Filter>
    </ClCompile>
    <ClCompile Include="..\..\source\MW\Graphics\Internal\HWBufferOpenGL.cpp">
      <Filter>Graphics\Internal</Filter>
    </ClCompile>
    <ClCompile Include="..\..\source\MW\Graphics\Internal\HWBufferOpenGL.ixx">
      <Filter>Graphics\Internal</Filter>
    </ClCompile>
    <ClCompile Include="..\..\source\MW\Graphics\Internal\HWContext.ixx">
      <Filter>Graphics\Internal</Filter>
    </ClCompile>
    <ClCompile Include="..\..\source\MW\Graphics\Internal\HWContextD3D11.cpp">
      <Filter>Graphics\Internal</Filter>
    </ClCompile>
    <ClCompile Include="..\..\source\MW\Graphics\Internal\HWContextD3D11.ixx">
      <Filter>Graphics\Internal</Filter>
    </ClCompile>
    <ClCompile Include="..\..\source\MW\Graphics\Internal\HWContextOpenGL.cpp">
      <Filter>Graphics\Internal</Filter>
    </ClCompile>
    <ClCompile Include="..\..\source\MW\Graphics\Internal\HWContextOpenGL.ixx">
      <Filter>Graphics\Internal</Filter>
    </ClCompile>
    <ClCompile Include="..\..\source\MW\Graphics\Internal\HWDriverContext.ixx">
      <Filter>Graphics\Internal</Filter>
    </ClCompile>
    <ClCompile Include="..\..\source\MW\Graphics\Internal\HWDriverContextWGL.ixx">
      <Filter>Graphics\Internal</Filter>
    </ClCompile>
    <ClCompile Include="..\..\source\MW\Graphics\Internal\HWRenderTarget.ixx">
      <Filter>Graphics\Internal</Filter>
    </ClCompile>
    <ClCompile Include="..\..\source\MW\Graphics\Internal\HWRenderTexture.ixx">
      <Filter>Graphics\Internal</Filter>
    </ClCompile>
    <ClCompile Include="..\..\source\MW\Graphics\Internal\HWRenderTextureD3D11.cpp">
      <Filter>Graphics\Internal</Filter>
    </ClCompile>
    <ClCompile Include="..\..\source\MW\Graphics\Internal\HWRenderTextureD3D11.ixx">
      <Filter>Graphics\Internal</Filter>
    </ClCompile>
    <ClCompile Include="..\..\source\MW\Graphics\Internal\HWRenderTextureOpenGL.cpp">
      <Filter>Graphics\Internal</Filter>
    </ClCompile>
    <ClCompile Include="..\..\source\MW\Graphics\Internal\HWRenderTextureOpenGL.ixx">
      <Filter>Graphics\Internal</Filter>
    </ClCompile>
    <ClCompile Include="..\..\source\MW\Graphics\Internal\HWShader.ixx">
      <Filter>Graphics\Internal</Filter>
    </ClCompile>
    <ClCompile Include="..\..\source\MW\Graphics\Internal\HWShaderD3D11.cpp">
      <Filter>Graphics\Internal</Filter>
    </ClCompile>
    <ClCompile Include="..\..\source\MW\Graphics\Internal\HWShaderD3D11.ixx">
      <Filter>Graphics\Internal</Filter>
    </ClCompile>
    <ClCompile Include="..\..\source\MW\Graphics\Internal\HWShaderOpenGL.cpp">
      <Filter>Graphics\Internal</Filter>
    </ClCompile>
    <ClCompile Include="..\..\source\MW\Graphics\Internal\HWShaderOpenGL.ixx">
      <Filter>Graphics\Internal</Filter>
    </ClCompile>
    <ClCompile Include="..\..\source\MW\Graphics\Internal\HWSurface.ixx">
      <Filter>Graphics\Internal</Filter>
    </ClCompile>
    <ClCompile Include="..\..\source\MW\Graphics\Internal\HWSurfaceD3D11.cpp">
      <Filter>Graphics\Internal</Filter>
    </ClCompile>
    <ClCompile Include="..\..\source\MW\Graphics\Internal\HWSurfaceD3D11.ixx">
      <Filter>Graphics\Internal</Filter>
    </ClCompile>
    <ClCompile Include="..\..\source\MW\Graphics\Internal\HWSurfaceWGL.cpp">
      <Filter>Graphics\Internal</Filter>
    </ClCompile>
    <ClCompile Include="..\..\source\MW\Graphics\Internal\HWSurfaceWGL.ixx">
      <Filter>Graphics\Internal</Filter>
    </ClCompile>
    <ClCompile Include="..\..\source\MW\Graphics\Internal\HWTexture.ixx">
      <Filter>Graphics\Internal</Filter>
    </ClCompile>
    <ClCompile Include="..\..\source\MW\Graphics\Internal\HWTextureD3D11.cpp">
      <Filter>Graphics\Internal</Filter>
    </ClCompile>
    <ClCompile Include="..\..\source\MW\Graphics\Internal\HWTextureD3D11.ixx">
      <Filter>Graphics\Internal</Filter>
    </ClCompile>
    <ClCompile Include="..\..\source\MW\Graphics\Internal\HWTextureOpenGL.cpp">
      <Filter>Graphics\Internal</Filter>
    </ClCompile>
    <ClCompile Include="..\..\source\MW\Graphics\Internal\HWTextureOpenGL.ixx">
      <Filter>Graphics\Internal</Filter>
    </ClCompile>
    <ClCompile Include="..\..\source\MW\Graphics\Internal\OpenGLAPI.ixx">
      <Filter>Graphics\Internal</Filter>
    </ClCompile>
    <ClCompile Include="..\..\source\MW\Graphics\LineEnumerator.cpp">
      <Filter>Graphics</Filter>
    </ClCompile>
    <ClCompile Include="..\..\source\MW\Graphics\LineEnumerator.ixx">
      <Filter>Graphics</Filter>
    </ClCompile>
    <ClCompile Include="..\..\source\MW\Graphics\Material.cpp">
      <Filter>Graphics</Filter>
    </ClCompile>
    <ClCompile Include="..\..\source\MW\Graphics\Material.ixx">
      <Filter>Graphics</Filter>
    </ClCompile>
    <ClCompile Include="..\..\source\MW\Graphics\MaterialPropertyBlock.cpp">
      <Filter>Graphics</Filter>
    </ClCompile>
    <ClCompile Include="..\..\source\MW\Graphics\MaterialPropertyBlock.ixx">
      <Filter>Graphics</Filter>
    </ClCompile>
    <ClCompile Include="..\..\source\MW\Graphics\Mesh.cpp">
      <Filter>Graphics</Filter>
    </ClCompile>
    <ClCompile Include="..\..\source\MW\Graphics\Mesh.ixx">
      <Filter>Graphics</Filter>
    </ClCompile>
    <ClCompile Include="..\..\source\MW\Graphics\Model.cpp">
      <Filter>Graphics</Filter>
    </ClCompile>
    <ClCompile Include="..\..\source\MW\Graphics\Model.ixx">
      <Filter>Graphics</Filter>
    </ClCompile>
    <ClCompile Include="..\..\source\MW\Graphics\RenderQueue.ixx">
      <Filter>Graphics</Filter>
    </ClCompile>
    <ClCompile Include="..\..\source\MW\Graphics\RenderTarget.ixx">
      <Filter>Graphics</Filter>
    </ClCompile>
    <ClCompile Include="..\..\source\MW\Graphics\RenderTexture.cpp">
      <Filter>Graphics</Filter>
    </ClCompile>
    <ClCompile Include="..\..\source\MW\Graphics\RenderTexture.ixx">
      <Filter>Graphics</Filter>
    </ClCompile>
    <ClCompile Include="..\..\source\MW\Graphics\Shader.cpp">
      <Filter>Graphics</Filter>
    </ClCompile>
    <ClCompile Include="..\..\source\MW\Graphics\Shader.ixx">
      <Filter>Graphics</Filter>
    </ClCompile>
    <ClCompile Include="..\..\source\MW\Graphics\ShaderInfo.cpp">
      <Filter>Graphics</Filter>
    </ClCompile>
    <ClCompile Include="..\..\source\MW\Graphics\ShaderInfo.ixx">
      <Filter>Graphics</Filter>
    </ClCompile>
    <ClCompile Include="..\..\source\MW\Graphics\Texture.cpp">
      <Filter>Graphics</Filter>
    </ClCompile>
    <ClCompile Include="..\..\source\MW\Graphics\Texture.ixx">
      <Filter>Graphics</Filter>
    </ClCompile>
    <ClCompile Include="..\..\source\MW\Graphics\Types.ixx">
      <Filter>Graphics</Filter>
    </ClCompile>
    <ClCompile Include="..\..\source\MW\IO\File.cpp">
      <Filter>IO</Filter>
    </ClCompile>
    <ClCompile Include="..\..\source\MW\IO\File.ixx">
      <Filter>IO</Filter>
    </ClCompile>
    <ClCompile Include="..\..\source\MW\IO\FileStream.ixx">
      <Filter>IO</Filter>
    </ClCompile>
    <ClCompile Include="..\..\source\MW\IO\IO.ixx">
      <Filter>IO</Filter>
    </ClCompile>
    <ClCompile Include="..\..\source\MW\IO\MemoryStream.ixx">
      <Filter>IO</Filter>
    </ClCompile>
    <ClCompile Include="..\..\source\MW\IO\Stream.ixx">
      <Filter>IO</Filter>
    </ClCompile>
    <ClCompile Include="..\..\source\MW\IO\Terminal.ixx">
      <Filter>IO</Filter>
    </ClCompile>
    <ClCompile Include="..\..\source\MW\Math\AABox.ixx">
      <Filter>Math</Filter>
    </ClCompile>
    <ClCompile Include="..\..\source\MW\Math\Constants.ixx">
      <Filter>Math</Filter>
    </ClCompile>
    <ClCompile Include="..\..\source\MW\Math\Functions.ixx">
      <Filter>Math</Filter>
    </ClCompile>
    <ClCompile Include="..\..\source\MW\Math\IVec2.ixx">
      <Filter>Math</Filter>
    </ClCompile>
    <ClCompile Include="..\..\source\MW\Math\IVec4.ixx">
      <Filter>Math</Filter>
    </ClCompile>
    <ClCompile Include="..\..\source\MW\Math\IntRect.ixx">
      <Filter>Math</Filter>
    </ClCompile>
    <ClCompile Include="..\..\source\MW\Math\Mat2.ixx">
      <Filter>Math</Filter>
    </ClCompile>
    <ClCompile Include="..\..\source\MW\Math\Mat3.ixx">
      <Filter>Math</Filter>
    </ClCompile>
    <ClCompile Include="..\..\source\MW\Math\Mat4.ixx">
      <Filter>Math</Filter>
    </ClCompile>
    <ClCompile Include="..\..\source\MW\Math\Math.ixx">
      <Filter>Math</Filter>
    </ClCompile>
    <ClCompile Include="..\..\source\MW\Math\MathJson.ixx">
      <Filter>Math</Filter>
    </ClCompile>
    <ClCompile Include="..\..\source\MW\Math\Operators.ixx">
      <Filter>Math</Filter>
    </ClCompile>
    <ClCompile Include="..\..\source\MW\Math\Plane.ixx">
      <Filter>Math</Filter>
    </ClCompile>
    <ClCompile Include="..\..\source\MW\Math\Quat.ixx">
      <Filter>Math</Filter>
    </ClCompile>
    <ClCompile Include="..\..\source\MW\Math\Ray.ixx">
      <Filter>Math</Filter>
    </ClCompile>
    <ClCompile Include="..\..\source\MW\Math\Sphere.ixx">
      <Filter>Math</Filter>
    </ClCompile>
    <ClCompile Include="..\..\source\MW\Math\Transform.ixx">
      <Filter>Math</Filter>
    </ClCompile>
    <ClCompile Include="..\..\source\MW\Math\Triangle.ixx">
      <Filter>Math</Filter>
    </ClCompile>
    <ClCompile Include="..\..\source\MW\Math\Vec2.ixx">
      <Filter>Math</Filter>
    </ClCompile>
    <ClCompile Include="..\..\source\MW\Math\Vec3.ixx">
      <Filter>Math</Filter>
    </ClCompile>
    <ClCompile Include="..\..\source\MW\Math\Vec4.ixx">
      <Filter>Math</Filter>
    </ClCompile>
    <ClCompile Include="..\..\source\MW\Microwave.ixx" />
    <ClCompile Include="..\..\source\MW\SceneGraph\Axis.ixx">
      <Filter>SceneGraph</Filter>
    </ClCompile>
    <ClCompile Include="..\..\source\MW\SceneGraph\Components\Animator.cpp">
      <Filter>SceneGraph\Components</Filter>
    </ClCompile>
    <ClCompile Include="..\..\source\MW\SceneGraph\Components\Animator.ixx">
      <Filter>SceneGraph\Components</Filter>
    </ClCompile>
    <ClCompile Include="..\..\source\MW\SceneGraph\Components\AudioSource.cpp">
      <Filter>SceneGraph\Components</Filter>
    </ClCompile>
    <ClCompile Include="..\..\source\MW\SceneGraph\Components\AudioSource.ixx">
      <Filter>SceneGraph\Components</Filter>
    </ClCompile>
    <ClCompile Include="..\..\source\MW\SceneGraph\Components\BoxCollider.cpp">
      <Filter>SceneGraph\Components</Filter>
    </ClCompile>
    <ClCompile Include="..\..\source\MW\SceneGraph\Components\BoxCollider.ixx">
      <Filter>SceneGraph\Components</Filter>
    </ClCompile>
    <ClCompile Include="..\..\source\MW\SceneGraph\Components\Button.cpp">
      <Filter>SceneGraph\Components</Filter>
    </ClCompile>
    <ClCompile Include="..\..\source\MW\SceneGraph\Components\Button.ixx">
      <Filter>SceneGraph\Components</Filter>
    </ClCompile>
    <ClCompile Include="..\..\source\MW\SceneGraph\Components\Camera.cpp">
      <Filter>SceneGraph\Components</Filter>
    </ClCompile>
    <ClCompile Include="..\..\source\MW\SceneGraph\Components\Camera.ixx">
      <Filter>SceneGraph\Components</Filter>
    </ClCompile>
    <ClCompile Include="..\..\source\MW\SceneGraph\Components\Canvas.cpp">
      <Filter>SceneGraph\Components</Filter>
    </ClCompile>
    <ClCompile Include="..\..\source\MW\SceneGraph\Components\Canvas.ixx">
      <Filter>SceneGraph\Components</Filter>
    </ClCompile>
    <ClCompile Include="..\..\source\MW\SceneGraph\Components\CapsuleCollider.cpp">
      <Filter>SceneGraph\Components</Filter>
    </ClCompile>
    <ClCompile Include="..\..\source\MW\SceneGraph\Components\CapsuleCollider.ixx">
      <Filter>SceneGraph\Components</Filter>
    </ClCompile>
    <ClCompile Include="..\..\source\MW\SceneGraph\Components\Collider.cpp">
      <Filter>SceneGraph\Components</Filter>
    </ClCompile>
    <ClCompile Include="..\..\source\MW\SceneGraph\Components\Collider.ixx">
      <Filter>SceneGraph\Components</Filter>
    </ClCompile>
    <ClCompile Include="..\..\source\MW\SceneGraph\Components\Component.cpp">
      <Filter>SceneGraph\Components</Filter>
    </ClCompile>
    <ClCompile Include="..\..\source\MW\SceneGraph\Components\Component.ixx">
      <Filter>SceneGraph\Components</Filter>
    </ClCompile>
    <ClCompile Include="..\..\source\MW\SceneGraph\Components\Components.ixx">
      <Filter>SceneGraph\Components</Filter>
    </ClCompile>
    <ClCompile Include="..\..\source\MW\SceneGraph\Components\D6Joint.cpp">
      <Filter>SceneGraph\Components</Filter>
    </ClCompile>
    <ClCompile Include="..\..\source\MW\SceneGraph\Components\D6Joint.ixx">
      <Filter>SceneGraph\Components</Filter>
    </ClCompile>
    <ClCompile Include="..\..\source\MW\SceneGraph\Components\DirectionalLight.cpp">
      <Filter>SceneGraph\Components</Filter>
    </ClCompile>
    <ClCompile Include="..\..\source\MW\SceneGraph\Components\DirectionalLight.ixx">
      <Filter>SceneGraph\Components</Filter>
    </ClCompile>
    <ClCompile Include="..\..\source\MW\SceneGraph\Components\ImageView.cpp">
      <Filter>SceneGraph\Components</Filter>
    </ClCompile>
    <ClCompile Include="..\..\source\MW\SceneGraph\Components\ImageView.ixx">
      <Filter>SceneGraph\Components</Filter>
    </ClCompile>
    <ClCompile Include="..\..\source\MW\SceneGraph\Components\MeshCollider.cpp">
      <Filter>SceneGraph\Components</Filter>
    </ClCompile>
    <ClCompile Include="..\..\source\MW\SceneGraph\Components\MeshCollider.ixx">
      <Filter>SceneGraph\Components</Filter>
    </ClCompile>
    <ClCompile Include="..\..\source\MW\SceneGraph\Components\MeshRenderer.cpp">
      <Filter>SceneGraph\Components</Filter>
    </ClCompile>
    <ClCompile Include="..\..\source\MW\SceneGraph\Components\MeshRenderer.ixx">
      <Filter>SceneGraph\Components</Filter>
    </ClCompile>
    <ClCompile Include="..\..\source\MW\SceneGraph\Components\RigidBody.cpp">
      <Filter>SceneGraph\Components</Filter>
    </ClCompile>
    <ClCompile Include="..\..\source\MW\SceneGraph\Components\RigidBody.ixx">
      <Filter>SceneGraph\Components</Filter>
    </ClCompile>
    <ClCompile Include="..\..\source\MW\SceneGraph\Components\Script.ixx">
      <Filter>SceneGraph\Components</Filter>
    </ClCompile>
    <ClCompile Include="..\..\source\MW\SceneGraph\Components\SphereCollider.cpp">
      <Filter>SceneGraph\Components</Filter>
    </ClCompile>
    <ClCompile Include="..\..\source\MW\SceneGraph\Components\SphereCollider.ixx">
      <Filter>SceneGraph\Components</Filter>
    </ClCompile>
    <ClCompile Include="..\..\source\MW\SceneGraph\Components\TextView.cpp">
      <Filter>SceneGraph\Components</Filter>
    </ClCompile>
    <ClCompile Include="..\..\source\MW\SceneGraph\Components\TextView.ixx">
      <Filter>SceneGraph\Components</Filter>
    </ClCompile>
    <ClCompile Include="..\..\source\MW\SceneGraph\Components\View.cpp">
      <Filter>SceneGraph\Components</Filter>
    </ClCompile>
    <ClCompile Include="..\..\source\MW\SceneGraph\Components\View.ixx">
      <Filter>SceneGraph\Components</Filter>
    </ClCompile>
    <ClCompile Include="..\..\source\MW\SceneGraph\Coroutine.ixx">
      <Filter>SceneGraph</Filter>
    </ClCompile>
    <ClCompile Include="..\..\source\MW\SceneGraph\Events.ixx">
      <Filter>SceneGraph</Filter>
    </ClCompile>
    <ClCompile Include="..\..\source\MW\SceneGraph\Internal\Bullet.ixx">
      <Filter>SceneGraph\Internal</Filter>
    </ClCompile>
    <ClCompile Include="..\..\source\MW\SceneGraph\Internal\CapsuleShape.ixx">
      <Filter>SceneGraph\Internal</Filter>
    </ClCompile>
    <ClCompile Include="..\..\source\MW\SceneGraph\LayerMask.ixx">
      <Filter>SceneGraph</Filter>
    </ClCompile>
    <ClCompile Include="..\..\source\MW\SceneGraph\Node.cpp">
      <Filter>SceneGraph</Filter>
    </ClCompile>
    <ClCompile Include="..\..\source\MW\SceneGraph\Node.ixx">
      <Filter>SceneGraph</Filter>
    </ClCompile>
    <ClCompile Include="..\..\source\MW\SceneGraph\PhysicsWorld.cpp">
      <Filter>SceneGraph</Filter>
    </ClCompile>
    <ClCompile Include="..\..\source\MW\SceneGraph\PhysicsWorld.ixx">
      <Filter>SceneGraph</Filter>
    </ClCompile>
    <ClCompile Include="..\..\source\MW\SceneGraph\Renderable.ixx">
      <Filter>SceneGraph</Filter>
    </ClCompile>
    <ClCompile Include="..\..\source\MW\SceneGraph\Scene.cpp">
      <Filter>SceneGraph</Filter>
    </ClCompile>
    <ClCompile Include="..\..\source\MW\SceneGraph\Scene.ixx">
      <Filter>SceneGraph</Filter>
    </ClCompile>
    <ClCompile Include="..\..\source\MW\SceneGraph\SceneGraph.ixx">
      <Filter>SceneGraph</Filter>
    </ClCompile>
    <ClCompile Include="..\..\source\MW\SceneGraph\SceneRenderer.cpp">
      <Filter>SceneGraph</Filter>
    </ClCompile>
    <ClCompile Include="..\..\source\MW\SceneGraph\SceneRenderer.ixx">
      <Filter>SceneGraph</Filter>
    </ClCompile>
    <ClCompile Include="..\..\source\MW\System\App.cpp">
      <Filter>System</Filter>
    </ClCompile>
    <ClCompile Include="..\..\source\MW\System\App.ixx">
      <Filter>System</Filter>
    </ClCompile>
    <ClCompile Include="..\..\source\MW\System\ApplicationDispatcher.ixx">
      <Filter>System</Filter>
    </ClCompile>
    <ClCompile Include="..\..\source\MW\System\AsyncExecutor.ixx">
      <Filter>System</Filter>
    </ClCompile>
    <ClCompile Include="..\..\source\MW\System\Awaitable.ixx">
      <Filter>System</Filter>
    </ClCompile>
    <ClCompile Include="..\..\source\MW\System\Clock.ixx">
      <Filter>System</Filter>
    </ClCompile>
    <ClCompile Include="..\..\source\MW\System\Dispatcher.cpp">
      <Filter>System</Filter>
    </ClCompile>
    <ClCompile Include="..\..\source\MW\System\Dispatcher.ixx">
      <Filter>System</Filter>
    </ClCompile>
    <ClCompile Include="..\..\source\MW\System\EntryPoint.cpp">
      <Filter>System</Filter>
    </ClCompile>
    <ClCompile Include="..\..\source\MW\System\EventHandlerList.ixx">
      <Filter>System</Filter>
    </ClCompile>
    <ClCompile Include="..\..\source\MW\System\Exception.ixx">
      <Filter>System</Filter>
    </ClCompile>
    <ClCompile Include="..\..\source\MW\System\Executor.ixx">
      <Filter>System</Filter>
    </ClCompile>
    <ClCompile Include="..\..\source\MW\System\IAwaitable.ixx">
      <Filter>System</Filter>
    </ClCompile>
    <ClCompile Include="..\..\source\MW\System\IAwaiter.ixx">
      <Filter>System</Filter>
    </ClCompile>
    <ClCompile Include="..\..\source\MW\System\Internal\ApplicationDispatcherWindows.cpp">
      <Filter>System\Internal</Filter>
    </ClCompile>
    <ClCompile Include="..\..\source\MW\System\Internal\ApplicationDispatcherWindows.ixx">
      <Filter>System\Internal</Filter>
    </ClCompile>
    <ClCompile Include="..\..\source\MW\System\Internal\WindowWindows.cpp">
      <Filter>System\Internal</Filter>
    </ClCompile>
    <ClCompile Include="..\..\source\MW\System\Internal\WindowWindows.ixx">
      <Filter>System\Internal</Filter>
    </ClCompile>
    <ClCompile Include="..\..\source\MW\System\Json.ixx">
      <Filter>System</Filter>
    </ClCompile>
    <ClCompile Include="..\..\source\MW\System\Object.cpp">
      <Filter>System</Filter>
    </ClCompile>
    <ClCompile Include="..\..\source\MW\System\Object.ixx">
      <Filter>System</Filter>
    </ClCompile>
    <ClCompile Include="..\..\source\MW\System\Path.ixx">
      <Filter>System</Filter>
    </ClCompile>
    <ClCompile Include="..\..\source\MW\System\Pointers.ixx">
      <Filter>System</Filter>
    </ClCompile>
    <ClCompile Include="..\..\source\MW\System\PostExecutor.ixx">
      <Filter>System</Filter>
    </ClCompile>
    <ClCompile Include="..\..\source\MW\System\Spinlock.ixx">
      <Filter>System</Filter>
    </ClCompile>
    <ClCompile Include="..\..\source\MW\System\SyncExecutor.ixx">
      <Filter>System</Filter>
    </ClCompile>
    <ClCompile Include="..\..\source\MW\System\System.ixx">
      <Filter>System</Filter>
    </ClCompile>
    <ClCompile Include="..\..\source\MW\System\Task.cpp">
      <Filter>System</Filter>
    </ClCompile>
    <ClCompile Include="..\..\source\MW\System\Task.ixx">
      <Filter>System</Filter>
    </ClCompile>
    <ClCompile Include="..\..\source\MW\System\ThreadPool.ixx">
      <Filter>System</Filter>
    </ClCompile>
    <ClCompile Include="..\..\source\MW\System\UUID.ixx">
      <Filter>System</Filter>
    </ClCompile>
    <ClCompile Include="..\..\source\MW\System\Window.cpp">
      <Filter>System</Filter>
    </ClCompile>
    <ClCompile Include="..\..\source\MW\System\Window.ixx">
      <Filter>System</Filter>
    </ClCompile>
    <ClCompile Include="..\..\source\MW\Utilities\Base64.ixx">
      <Filter>Utilities</Filter>
    </ClCompile>
    <ClCompile Include="..\..\source\MW\Utilities\BinPacking\BSPNode.cpp">
      <Filter>Utilities\BinPacking</Filter>
    </ClCompile>
    <ClCompile Include="..\..\source\MW\Utilities\BinPacking\BSPNode.ixx">
      <Filter>Utilities\BinPacking</Filter>
    </ClCompile>
    <ClCompile Include="..\..\source\MW\Utilities\BinPacking\BSPNodeAllocator.cpp">
      <Filter>Utilities\BinPacking</Filter>
    </ClCompile>
    <ClCompile Include="..\..\source\MW\Utilities\BinPacking\BSPNodeAllocator.ixx">
      <Filter>Utilities\BinPacking</Filter>
    </ClCompile>
    <ClCompile Include="..\..\source\MW\Utilities\BinPacking\Bin.ixx">
      <Filter>Utilities\BinPacking</Filter>
    </ClCompile>
    <ClCompile Include="..\..\source\MW\Utilities\BinPacking\BinPacker.cpp">
      <Filter>Utilities\BinPacking</Filter>
    </ClCompile>
    <ClCompile Include="..\..\source\MW\Utilities\BinPacking\BinPacker.ixx">
      <Filter>Utilities\BinPacking</Filter>
    </ClCompile>
    <ClCompile Include="..\..\source\MW\Utilities\BinPacking\BinPacking.ixx">
      <Filter>Utilities\BinPacking</Filter>
    </ClCompile>
    <ClCompile Include="..\..\source\MW\Utilities\BinPacking\RectMapping.ixx">
      <Filter>Utilities\BinPacking</Filter>
    </ClCompile>
    <ClCompile Include="..\..\source\MW\Utilities\EnumFlags.ixx">
      <Filter>Utilities</Filter>
    </ClCompile>
    <ClCompile Include="..\..\source\MW\Utilities\Sink.ixx">
      <Filter>Utilities</Filter>
    </ClCompile>
    <ClCompile Include="..\..\source\MW\Utilities\Util.ixx">
      <Filter>Utilities</Filter>
    </ClCompile>
    <ClCompile Include="..\..\source\MW\Utilities\Utilities.ixx">
      <Filter>Utilities</Filter>
    </ClCompile>
    <ClCompile Include="..\..\source\MW\System\GC.ixx">
      <Filter>System</Filter>
    </ClCompile>
  </ItemGroup>
</Project>